
Microsoft Visual Studio Solution File, Format Version 12.00
# Visual Studio Version 16
VisualStudioVersion = 16.0.31129.286
MinimumVisualStudioVersion = 10.0.40219.1
Project("{FAE04EC0-301F-11D3-BF4B-00C04F79EFBC}") = "WpfGenesys", "WpfGenesys\WpfGenesys.csproj", "{E59EB169-1970-4D6B-9FA2-0DF7754AA99C}"
EndProject
Global
	GlobalSection(SolutionConfigurationPlatforms) = preSolution
		Debug|Any CPU = Debug|Any CPU
		Release|Any CPU = Release|Any CPU
	EndGlobalSection
	GlobalSection(ProjectConfigurationPlatforms) = postSolution
		{E59EB169-1970-4D6B-9FA2-0DF7754AA99C}.Debug|Any CPU.ActiveCfg = Debug|Any CPU
		{E59EB169-1970-4D6B-9FA2-0DF7754AA99C}.Debug|Any CPU.Build.0 = Debug|Any CPU
		{E59EB169-1970-4D6B-9FA2-0DF7754AA99C}.Release|Any CPU.ActiveCfg = Release|Any CPU
		{E59EB169-1970-4D6B-9FA2-0DF7754AA99C}.Release|Any CPU.Build.0 = Release|Any CPU
	EndGlobalSection
	GlobalSection(SolutionProperties) = preSolution
		HideSolutionNode = FALSE
	EndGlobalSection
	GlobalSection(ExtensibilityGlobals) = postSolution
		SolutionGuid = {B959757C-F58B-4E60-AB2C-168D5F17DEE4}
	EndGlobalSection
EndGlobal
